{
  "name": "kyiv-krishna-academy-students",
  "version": "1.1.1",
  "dependencies": {
    "intl-tel-input": {
      "version": "8.5.2",
      "from": "intl-tel-input@*",
      "resolved": "https://registry.npmjs.org/intl-tel-input/-/intl-tel-input-8.5.2.tgz"
    },
    "Jcrop": {
      "version": "2.0.4",
      "from": "git+https://github.com/tapmodo/Jcrop.git#v2.0.4",
      "resolved": "git+https://github.com/tapmodo/Jcrop.git#80f645b69fc938b3823d92d74e5019036d04a9ca"
    },
    "jquery": {
      "version": "2.2.3",
      "from": "jquery@>=1.7.0",
      "resolved": "https://registry.npmjs.org/jquery/-/jquery-2.2.3.tgz"
    },
    "jquery-bigtext": {
      "version": "1.3.0",
      "from": "git+https://github.com/mpugach/jquery-bigtext.git",
      "resolved": "git+https://github.com/mpugach/jquery-bigtext.git#fd5295d8e3c90bd03daddc4b604487e7d7158a5f"
    }
  }
}
