{
  "name": "kyiv-krishna-academy-students",
  "version": "1.1.1",
  "lockfileVersion": 1,
  "requires": true,
  "dependencies": {
    "@nathanvda/cocoon": {
      "version": "1.2.14",
      "resolved": "https://registry.npmjs.org/@nathanvda/cocoon/-/cocoon-1.2.14.tgz",
      "integrity": "sha512-WcEt2vVp50de2i7rkD4O+96O1iMtMIcTBNGPocrHfcmHDujKOngoLHFF8Ektgoh8PjwFAJMxx8WyGv0BtKTjxQ==",
      "requires": {
        "jquery": "^3.3.1"
      }
    },
    "cookies-js": {
      "version": "1.2.3",
      "resolved": "https://registry.npmjs.org/cookies-js/-/cookies-js-1.2.3.tgz",
      "integrity": "sha1-AzFQSefFK+4/cxhqaRZ+qw3bLTE="
    },
    "intl-tel-input": {
      "version": "17.0.21",
      "resolved": "https://registry.npmjs.org/intl-tel-input/-/intl-tel-input-17.0.21.tgz",
      "integrity": "sha512-TfyPxLe41QZPOf6RqBxRE2dpQ0FThB/PBD/gRbxVhGW7IuYg30QD90x/vjmEo4vkZw7j8etxpVcjIZVRcG+Otw=="
    },
    "jquery": {
      "version": "3.6.4",
      "resolved": "https://registry.npmjs.org/jquery/-/jquery-3.6.4.tgz",
      "integrity": "sha512-v28EW9DWDFpzcD9O5iyJXg3R3+q+mET5JhnjJzQUZMHOv67bpSIHq81GEYpPNZHG+XXHsfSme3nxp/hndKEcsQ=="
    },
    "json-stringify-safe": {
      "version": "5.0.1",
      "resolved": "https://registry.npmjs.org/json-stringify-safe/-/json-stringify-safe-5.0.1.tgz",
      "integrity": "sha1-Epai1Y/UXxmg9s4B1lcB4sc1tus="
    },
    "raven-js": {
      "version": "3.9.1",
      "resolved": "https://registry.npmjs.org/raven-js/-/raven-js-3.9.1.tgz",
      "integrity": "sha1-0EghAISeoKuRBYMI36Hsl7wHO6w=",
      "requires": {
        "json-stringify-safe": "^5.0.1"
      }
    },
    "select2": {
      "version": "4.0.13",
      "resolved": "https://registry.npmjs.org/select2/-/select2-4.0.13.tgz",
      "integrity": "sha512-1JeB87s6oN/TDxQQYCvS5EFoQyvV6eYMZZ0AeA4tdFDYWN3BAGZ8npr17UBFddU0lgAt3H0yjX3X6/ekOj1yjw=="
    },
    "select2-bootstrap-theme": {
      "version": "0.1.0-beta.10",
      "resolved": "https://registry.npmjs.org/select2-bootstrap-theme/-/select2-bootstrap-theme-0.1.0-beta.10.tgz",
      "integrity": "sha512-gc9Y9yNjkGRqeFmI/pAKyL4maMKH9VKAn62E+uF/hxz8FTmfuKH0sDEGhFhk3f8Jp+emtsDdK1c1nb6S51BV0Q=="
    }
  }
}
