{
  "name": "kyiv-krishna-academy-students",
  "version": "1.1.1",
  "lockfileVersion": 1,
  "requires": true,
  "dependencies": {
    "cookies-js": {
      "version": "1.2.3",
      "resolved": "https://registry.npmjs.org/cookies-js/-/cookies-js-1.2.3.tgz",
      "integrity": "sha1-AzFQSefFK+4/cxhqaRZ+qw3bLTE="
    },
    "intl-tel-input": {
      "version": "8.5.2",
      "resolved": "https://registry.npmjs.org/intl-tel-input/-/intl-tel-input-8.5.2.tgz",
      "integrity": "sha1-JMt+NApIWHlfH3q13vMQ8khRJO4=",
      "requires": {
        "jquery": ">=1.7"
      }
    },
    "jquery": {
      "version": "3.5.0",
      "resolved": "https://registry.npmjs.org/jquery/-/jquery-3.5.0.tgz",
      "integrity": "sha512-Xb7SVYMvygPxbFMpTFQiHh1J7HClEaThguL15N/Gg37Lri/qKyhRGZYzHRyLH8Stq3Aow0LsHO2O2ci86fCrNQ=="
    },
    "jquery-bigtext": {
      "version": "git+https://github.com/mpugach/jquery-bigtext.git#fd5295d8e3c90bd03daddc4b604487e7d7158a5f",
      "from": "git+https://github.com/mpugach/jquery-bigtext.git"
    },
    "json-stringify-safe": {
      "version": "5.0.1",
      "resolved": "https://registry.npmjs.org/json-stringify-safe/-/json-stringify-safe-5.0.1.tgz",
      "integrity": "sha1-Epai1Y/UXxmg9s4B1lcB4sc1tus="
    },
    "raven-js": {
      "version": "3.9.1",
      "resolved": "https://registry.npmjs.org/raven-js/-/raven-js-3.9.1.tgz",
      "integrity": "sha1-0EghAISeoKuRBYMI36Hsl7wHO6w=",
      "requires": {
        "json-stringify-safe": "^5.0.1"
      }
    }
  }
}
